
Microsoft Visual Studio Solution File, Format Version 12.00
# Visual Studio Version 17
VisualStudioVersion = 17.13.35931.197
MinimumVisualStudioVersion = 10.0.40219.1
Project("{8BC9CEB8-8B4A-11D0-8D11-00A0C91BC942}") = "NatureEnhance-cpp", "NatureEnhance-cpp.vcxproj", "{74DA5DAE-CC9E-4D52-8CF0-D0A35D9DC049}"
EndProject
Global
	GlobalSection(SolutionConfigurationPlatforms) = preSolution
		Debug|x86 = Debug|x86
		Release|x86 = Release|x86
	EndGlobalSection
	GlobalSection(ProjectConfigurationPlatforms) = postSolution
		{74DA5DAE-CC9E-4D52-8CF0-D0A35D9DC049}.Debug|x86.ActiveCfg = Debug|Win32
		{74DA5DAE-CC9E-4D52-8CF0-D0A35D9DC049}.Debug|x86.Build.0 = Debug|Win32
		{74DA5DAE-CC9E-4D52-8CF0-D0A35D9DC049}.Release|x86.ActiveCfg = Release|Win32
		{74DA5DAE-CC9E-4D52-8CF0-D0A35D9DC049}.Release|x86.Build.0 = Release|Win32
	EndGlobalSection
	GlobalSection(SolutionProperties) = preSolution
		HideSolutionNode = FALSE
	EndGlobalSection
	GlobalSection(ExtensibilityGlobals) = postSolution
		SolutionGuid = {6E119DA3-63F3-4E80-B13E-5840C17ABE7E}
	EndGlobalSection
EndGlobal
